
Microsoft Visual Studio Solution File, Format Version 12.00
# Visual Studio Version 17
VisualStudioVersion = 17.2.32519.379
MinimumVisualStudioVersion = 10.0.40219.1
Project("{FAE04EC0-301F-11D3-BF4B-00C04F79EFBC}") = "Kolokwium_Karol_Dobrek", "Kolokwium_Karol_Dobrek\Kolokwium_Karol_Dobrek.csproj", "{BA24CCB7-DC4A-4C44-960E-63054A83FA50}"
EndProject
Global
	GlobalSection(SolutionConfigurationPlatforms) = preSolution
		Debug|Any CPU = Debug|Any CPU
		Release|Any CPU = Release|Any CPU
	EndGlobalSection
	GlobalSection(ProjectConfigurationPlatforms) = postSolution
		{BA24CCB7-DC4A-4C44-960E-63054A83FA50}.Debug|Any CPU.ActiveCfg = Debug|Any CPU
		{BA24CCB7-DC4A-4C44-960E-63054A83FA50}.Debug|Any CPU.Build.0 = Debug|Any CPU
		{BA24CCB7-DC4A-4C44-960E-63054A83FA50}.Release|Any CPU.ActiveCfg = Release|Any CPU
		{BA24CCB7-DC4A-4C44-960E-63054A83FA50}.Release|Any CPU.Build.0 = Release|Any CPU
	EndGlobalSection
	GlobalSection(SolutionProperties) = preSolution
		HideSolutionNode = FALSE
	EndGlobalSection
	GlobalSection(ExtensibilityGlobals) = postSolution
		SolutionGuid = {E5CDDC58-B7C7-47F5-BD65-32DA79C9E0BC}
	EndGlobalSection
EndGlobal
